{
  "requires": true,
  "lockfileVersion": 1,
  "dependencies": {
    "@types/node": {
      "version": "14.14.25",
      "resolved": "https://registry.npm.taobao.org/@types/node/download/@types/node-14.14.25.tgz",
      "integrity": "sha1-FZZ6e1d/+BOD+biIqmcF1D+7rpM="
    },
    "ansi-styles": {
      "version": "4.3.0",
      "resolved": "https://registry.npm.taobao.org/ansi-styles/download/ansi-styles-4.3.0.tgz",
      "integrity": "sha1-7dgDYornHATIWuegkG7a00tkiTc=",
      "requires": {
        "color-convert": "^2.0.1"
      }
    },
    "asynckit": {
      "version": "0.4.0",
      "resolved": "https://registry.npm.taobao.org/asynckit/download/asynckit-0.4.0.tgz",
      "integrity": "sha1-x57Zf380y48robyXkLzDZkdLS3k="
    },
    "axios": {
      "version": "0.21.1",
      "resolved": "https://registry.npm.taobao.org/axios/download/axios-0.21.1.tgz",
      "integrity": "sha1-IlY0gZYvTWvemnbVFu8OXTwJsrg=",
      "requires": {
        "follow-redirects": "^1.10.0"
      }
    },
    "bufferutil": {
      "version": "4.0.1",
      "resolved": "https://registry.npm.taobao.org/bufferutil/download/bufferutil-4.0.1.tgz",
      "integrity": "sha1-Ohd+jlgZoSQ/4WtjoZmVGnrY1Kc=",
      "requires": {
        "node-gyp-build": "~3.7.0"
      }
    },
    "chalk": {
      "version": "4.1.0",
      "resolved": "https://registry.npm.taobao.org/chalk/download/chalk-4.1.0.tgz",
      "integrity": "sha1-ThSHCmGNni7dl92DRf2dncMVZGo=",
      "requires": {
        "ansi-styles": "^4.1.0",
        "supports-color": "^7.1.0"
      }
    },
    "color-convert": {
      "version": "2.0.1",
      "resolved": "https://registry.npm.taobao.org/color-convert/download/color-convert-2.0.1.tgz",
      "integrity": "sha1-ctOmjVmMm9s68q0ehPIdiWq9TeM=",
      "requires": {
        "color-name": "~1.1.4"
      }
    },
    "color-name": {
      "version": "1.1.4",
      "resolved": "https://registry.npm.taobao.org/color-name/download/color-name-1.1.4.tgz",
      "integrity": "sha1-wqCah6y95pVD3m9j+jmVyCbFNqI="
    },
    "combined-stream": {
      "version": "1.0.8",
      "resolved": "https://registry.npm.taobao.org/combined-stream/download/combined-stream-1.0.8.tgz",
      "integrity": "sha1-w9RaizT9cwYxoRCoolIGgrMdWn8=",
      "requires": {
        "delayed-stream": "~1.0.0"
      }
    },
    "delayed-stream": {
      "version": "1.0.0",
      "resolved": "https://registry.npm.taobao.org/delayed-stream/download/delayed-stream-1.0.0.tgz",
      "integrity": "sha1-3zrhmayt+31ECqrgsp4icrJOxhk="
    },
    "follow-redirects": {
      "version": "1.13.2",
      "resolved": "https://registry.npm.taobao.org/follow-redirects/download/follow-redirects-1.13.2.tgz?cache=0&other_urls=https%3A%2F%2Fregistry.npm.taobao.org%2Ffollow-redirects%2Fdownload%2Ffollow-redirects-1.13.2.tgz",
      "integrity": "sha1-3XPI7/wScoulz0JZ12DqX7g+MUc="
    },
    "form-data": {
      "version": "3.0.0",
      "resolved": "https://registry.npm.taobao.org/form-data/download/form-data-3.0.0.tgz",
      "integrity": "sha1-MbfjnIXxNVtxOe4MZHzw3n+DxoI=",
      "requires": {
        "asynckit": "^0.4.0",
        "combined-stream": "^1.0.8",
        "mime-types": "^2.1.12"
      }
    },
    "has-flag": {
      "version": "4.0.0",
      "resolved": "https://registry.npm.taobao.org/has-flag/download/has-flag-4.0.0.tgz",
      "integrity": "sha1-lEdx/ZyByBJlxNaUGGDaBrtZR5s="
    },
    "mime-db": {
      "version": "1.45.0",
      "resolved": "https://registry.npm.taobao.org/mime-db/download/mime-db-1.45.0.tgz",
      "integrity": "sha1-zO7aIczXw6dF66LezVXUtz54eeo="
    },
    "mime-types": {
      "version": "2.1.28",
      "resolved": "https://registry.npm.taobao.org/mime-types/download/mime-types-2.1.28.tgz?cache=0&sync_timestamp=1609559936613&other_urls=https%3A%2F%2Fregistry.npm.taobao.org%2Fmime-types%2Fdownload%2Fmime-types-2.1.28.tgz",
      "integrity": "sha1-EWDEdX6rLFNjiI4AUnPs950qDs0=",
      "requires": {
        "mime-db": "1.45.0"
      }
    },
    "mirai-ts": {
      "version": "1.0.0-alpha.6",
      "resolved": "https://registry.npm.taobao.org/mirai-ts/download/mirai-ts-1.0.0-alpha.6.tgz",
      "integrity": "sha1-p0Q94TPI4JRXaAnvBsAW4clJqtw=",
      "requires": {
        "axios": "^0.21.1",
        "chalk": "^4.1.0",
        "form-data": "^3.0.0",
        "ws": "^7.4.3"
      }
    },
    "node-gyp-build": {
      "version": "3.7.0",
      "resolved": "https://registry.npm.taobao.org/node-gyp-build/download/node-gyp-build-3.7.0.tgz",
      "integrity": "sha1-2qd6T1R7mu0+Kqx3nq8VGv1g7I0="
    },
    "supports-color": {
      "version": "7.2.0",
      "resolved": "https://registry.npm.taobao.org/supports-color/download/supports-color-7.2.0.tgz?cache=0&sync_timestamp=1611394404603&other_urls=https%3A%2F%2Fregistry.npm.taobao.org%2Fsupports-color%2Fdownload%2Fsupports-color-7.2.0.tgz",
      "integrity": "sha1-G33NyzK4E4gBs+R4umpRyqiWSNo=",
      "requires": {
        "has-flag": "^4.0.0"
      }
    },
    "utf-8-validate": {
      "version": "5.0.2",
      "resolved": "https://registry.npm.taobao.org/utf-8-validate/download/utf-8-validate-5.0.2.tgz?cache=0&sync_timestamp=1609699812545&other_urls=https%3A%2F%2Fregistry.npm.taobao.org%2Futf-8-validate%2Fdownload%2Futf-8-validate-5.0.2.tgz",
      "integrity": "sha1-Y8+8zYXcHytmz3odDuvAjtBWv7M=",
      "requires": {
        "node-gyp-build": "~3.7.0"
      }
    },
    "ws": {
      "version": "7.4.3",
      "resolved": "https://registry.npm.taobao.org/ws/download/ws-7.4.3.tgz",
      "integrity": "sha1-H5ZD3jSlQ7jtsSS9y8RXrlWm5c0="
    }
  }
}
